{
  "version": "5",
  "specifiers": {
    "jsr:@cliffy/ansi@^1.0.0-rc.8": "1.0.0-rc.8",
    "jsr:@cliffy/command@^1.0.0-rc.8": "1.0.0-rc.8",
    "jsr:@cliffy/flags@1.0.0-rc.8": "1.0.0-rc.8",
    "jsr:@cliffy/internal@1.0.0-rc.8": "1.0.0-rc.8",
    "jsr:@cliffy/table@1.0.0-rc.8": "1.0.0-rc.8",
    "jsr:@cliffy/table@^1.0.0-rc.8": "1.0.0-rc.8",
    "jsr:@std/assert@1": "1.0.15",
    "jsr:@std/crypto@^1.0.5": "1.0.5",
    "jsr:@std/encoding@^1.0.10": "1.0.10",
    "jsr:@std/encoding@~1.0.5": "1.0.10",
    "jsr:@std/fmt@^1.0.5": "1.0.8",
    "jsr:@std/fmt@~1.0.2": "1.0.8",
    "jsr:@std/fs@^1.0.11": "1.0.19",
    "jsr:@std/internal@^1.0.12": "1.0.12",
    "jsr:@std/io@~0.224.9": "0.224.9",
    "jsr:@std/io@~0.225.2": "0.225.2",
    "jsr:@std/log@~0.224.14": "0.224.14",
    "jsr:@std/text@~1.0.7": "1.0.16",
    "npm:@types/node@^24.2.0": "24.8.1",
    "npm:@types/web@^0.0.281": "0.0.281"
  },
  "jsr": {
    "@cliffy/ansi@1.0.0-rc.8": {
      "integrity": "ba37f10ce55bbfbdd8ddd987f91f029b17bce88385b98ba3058870f3b007b80c",
      "dependencies": [
        "jsr:@cliffy/internal",
        "jsr:@std/encoding@~1.0.5",
        "jsr:@std/fmt@~1.0.2",
        "jsr:@std/io@~0.224.9"
      ]
    },
    "@cliffy/command@1.0.0-rc.8": {
      "integrity": "758147790797c74a707e5294cc7285df665422a13d2a483437092ffce40b5557",
      "dependencies": [
        "jsr:@cliffy/flags",
        "jsr:@cliffy/internal",
        "jsr:@cliffy/table@1.0.0-rc.8",
        "jsr:@std/fmt@~1.0.2",
        "jsr:@std/text"
      ]
    },
    "@cliffy/flags@1.0.0-rc.8": {
      "integrity": "0f1043ce6ef037ba1cb5fe6b1bcecb25dc2f29371a1c17f278ab0f45e4b6f46c",
      "dependencies": [
        "jsr:@std/text"
      ]
    },
    "@cliffy/internal@1.0.0-rc.8": {
      "integrity": "34cdf2fad9b084b5aed493b138d573f52d4e988767215f7460daf0b918ff43d8"
    },
    "@cliffy/table@1.0.0-rc.8": {
      "integrity": "8bbcdc2ba5e0061b4b13810a24e6f5c6ab19c09f0cce9eb691ccd76c7c6c9db5",
      "dependencies": [
        "jsr:@std/fmt@~1.0.2"
      ]
    },
    "@std/assert@1.0.15": {
      "integrity": "d64018e951dbdfab9777335ecdb000c0b4e3df036984083be219ce5941e4703b",
      "dependencies": [
        "jsr:@std/internal"
      ]
    },
    "@std/crypto@1.0.5": {
      "integrity": "0dcfbb319fe0bba1bd3af904ceb4f948cde1b92979ec1614528380ed308a3b40"
    },
    "@std/encoding@1.0.10": {
      "integrity": "8783c6384a2d13abd5e9e87a7ae0520a30e9f56aeeaa3bdf910a3eaaf5c811a1"
    },
    "@std/fmt@1.0.8": {
      "integrity": "71e1fc498787e4434d213647a6e43e794af4fd393ef8f52062246e06f7e372b7"
    },
    "@std/fs@1.0.19": {
      "integrity": "051968c2b1eae4d2ea9f79a08a3845740ef6af10356aff43d3e2ef11ed09fb06"
    },
    "@std/internal@1.0.12": {
      "integrity": "972a634fd5bc34b242024402972cd5143eac68d8dffaca5eaa4dba30ce17b027"
    },
    "@std/io@0.224.9": {
      "integrity": "4414664b6926f665102e73c969cfda06d2c4c59bd5d0c603fd4f1b1c840d6ee3"
    },
    "@std/io@0.225.2": {
      "integrity": "3c740cd4ee4c082e6cfc86458f47e2ab7cb353dc6234d5e9b1f91a2de5f4d6c7"
    },
    "@std/log@0.224.14": {
      "integrity": "257f7adceee3b53bb2bc86c7242e7d1bc59729e57d4981c4a7e5b876c808f05e",
      "dependencies": [
        "jsr:@std/fmt@^1.0.5",
        "jsr:@std/fs",
        "jsr:@std/io@~0.225.2"
      ]
    },
    "@std/text@1.0.16": {
      "integrity": "ddb9853b75119a2473857d691cf1ec02ad90793a2e8b4a4ac49d7354281a0cf8"
    }
  },
  "npm": {
    "@types/node@24.8.1": {
      "integrity": "sha512-alv65KGRadQVfVcG69MuB4IzdYVpRwMG/mq8KWOaoOdyY617P5ivaDiMCGOFDWD2sAn5Q0mR3mRtUOgm99hL9Q==",
      "dependencies": [
        "undici-types"
      ]
    },
    "@types/web@0.0.281": {
      "integrity": "sha512-Lw3pSZoAOqVcWTEEZpbL0LIzKqfBxBABeqpokTW5BjQibzBJxYTXvQEO4Mo7Ox1jBG8E0/yYc1vLAG28YRDdRw=="
    },
    "undici-types@7.14.0": {
      "integrity": "sha512-QQiYxHuyZ9gQUIrmPo3IA+hUl4KYk8uSA7cHrcKd/l3p1OTpZcM0Tbp9x7FAtXdAYhlasd60ncPpgu6ihG6TOA=="
    }
  },
  "workspace": {
    "dependencies": [
      "jsr:@std/assert@1",
      "jsr:@std/crypto@^1.0.5",
      "jsr:@std/encoding@^1.0.10"
    ],
    "packageJson": {
      "dependencies": [
        "npm:@types/node@^24.2.0",
        "npm:@types/web@^0.0.281"
      ]
    },
    "members": {
      "@mzm/command-config": {
        "dependencies": [
          "jsr:@cliffy/table@^1.0.0-rc.8",
          "jsr:@std/assert@1"
        ]
      },
      "@mzm/command-log": {
        "dependencies": [
          "jsr:@std/assert@1"
        ]
      },
      "@mzm/config": {
        "dependencies": [
          "jsr:@std/assert@1"
        ]
      },
      "@mzm/core": {
        "dependencies": [
          "jsr:@cliffy/command@^1.0.0-rc.8",
          "jsr:@std/assert@1"
        ]
      },
      "@mzm/log": {
        "dependencies": [
          "jsr:@cliffy/ansi@^1.0.0-rc.8",
          "jsr:@std/log@~0.224.14"
        ]
      }
    }
  }
}
